// !$*UTF8*$!
{
	archiveVersion = 1;
	classes = {
	};
	objectVersion = 56;
	objects = {

/* Begin PBXBuildFile section */
		2D5BD6794DA294A4C62E4A25 /* Pods_TwitterCloneProject.framework in Frameworks */ = {isa = PBXBuildFile; fileRef = 9AEDCFD5E6B9AFE86363D902 /* Pods_TwitterCloneProject.framework */; };
		660190482A54052600D41001 /* ExploreController+.swift in Sources */ = {isa = PBXBuildFile; fileRef = 660190472A54052600D41001 /* ExploreController+.swift */; };
		6601904A2A54057600D41001 /* UserCell.swift in Sources */ = {isa = PBXBuildFile; fileRef = 660190492A54057600D41001 /* UserCell.swift */; };
		660B51642A64F26D008E0DDB /* Notification.swift in Sources */ = {isa = PBXBuildFile; fileRef = 660B51632A64F26D008E0DDB /* Notification.swift */; };
		660B51662A650383008E0DDB /* NotificationService.swift in Sources */ = {isa = PBXBuildFile; fileRef = 660B51652A650383008E0DDB /* NotificationService.swift */; };
		660B51682A651022008E0DDB /* NotificationController+.swift in Sources */ = {isa = PBXBuildFile; fileRef = 660B51672A651022008E0DDB /* NotificationController+.swift */; };
		660B516A2A65107B008E0DDB /* NotificationCell.swift in Sources */ = {isa = PBXBuildFile; fileRef = 660B51692A65107B008E0DDB /* NotificationCell.swift */; };
		660B516C2A6524EA008E0DDB /* NotificationViewModel.swift in Sources */ = {isa = PBXBuildFile; fileRef = 660B516B2A6524EA008E0DDB /* NotificationViewModel.swift */; };
		661FA0362A45808D00B3A12F /* Constants.swift in Sources */ = {isa = PBXBuildFile; fileRef = 661FA0352A45808D00B3A12F /* Constants.swift */; };
		661FA03A2A45A51D00B3A12F /* Authentication.swift in Sources */ = {isa = PBXBuildFile; fileRef = 661FA0392A45A51D00B3A12F /* Authentication.swift */; };
		66256B212A5E39E900D6165C /* UploadTweetViewModel.swift in Sources */ = {isa = PBXBuildFile; fileRef = 66256B202A5E39E900D6165C /* UploadTweetViewModel.swift */; };
		66256B232A5E598300D6165C /* ActionSheetLauncher.swift in Sources */ = {isa = PBXBuildFile; fileRef = 66256B222A5E598300D6165C /* ActionSheetLauncher.swift */; };
		66256B252A5E5A7400D6165C /* TweetHeaderDelegate.swift in Sources */ = {isa = PBXBuildFile; fileRef = 66256B242A5E5A7400D6165C /* TweetHeaderDelegate.swift */; };
		66256B272A5E5D6F00D6165C /* ActionSheetLauncher+.swift in Sources */ = {isa = PBXBuildFile; fileRef = 66256B262A5E5D6F00D6165C /* ActionSheetLauncher+.swift */; };
		66256B2A2A5E65D000D6165C /* TweetHeaderViewModel.swift in Sources */ = {isa = PBXBuildFile; fileRef = 66256B292A5E65D000D6165C /* TweetHeaderViewModel.swift */; };
		66256B2D2A5E85FF00D6165C /* ActionSheetCell.swift in Sources */ = {isa = PBXBuildFile; fileRef = 66256B2C2A5E85FF00D6165C /* ActionSheetCell.swift */; };
		66256B2F2A5E8BF300D6165C /* ActionSheetViewModel.swift in Sources */ = {isa = PBXBuildFile; fileRef = 66256B2E2A5E8BF300D6165C /* ActionSheetViewModel.swift */; };
		662B1E032A4033510008DEFA /* UIView+.swift in Sources */ = {isa = PBXBuildFile; fileRef = 662B1E022A4033510008DEFA /* UIView+.swift */; };
		663CA8242A5279A00075FF13 /* ProfileFilterView.swift in Sources */ = {isa = PBXBuildFile; fileRef = 663CA8232A5279A00075FF13 /* ProfileFilterView.swift */; };
		663CA8272A527CE00075FF13 /* ProfileFilterView+.swift in Sources */ = {isa = PBXBuildFile; fileRef = 663CA8262A527CE00075FF13 /* ProfileFilterView+.swift */; };
		663CA8292A527DE30075FF13 /* ProfileFilterCell.swift in Sources */ = {isa = PBXBuildFile; fileRef = 663CA8282A527DE30075FF13 /* ProfileFilterCell.swift */; };
		663CA82B2A528C260075FF13 /* ProfileFilterViewDelegate.swift in Sources */ = {isa = PBXBuildFile; fileRef = 663CA82A2A528C260075FF13 /* ProfileFilterViewDelegate.swift */; };
		663CA82E2A528D060075FF13 /* ProfileHeader+.swift in Sources */ = {isa = PBXBuildFile; fileRef = 663CA82D2A528D060075FF13 /* ProfileHeader+.swift */; };
		663CA8302A52903F0075FF13 /* ProfileHeaderViewModel.swift in Sources */ = {isa = PBXBuildFile; fileRef = 663CA82F2A52903F0075FF13 /* ProfileHeaderViewModel.swift */; };
		663CA8322A529F0B0075FF13 /* ProfileFilterOptions.swift in Sources */ = {isa = PBXBuildFile; fileRef = 663CA8312A529F0B0075FF13 /* ProfileFilterOptions.swift */; };
		663CA8342A52A0010075FF13 /* ProfileHeaderDelegate.swift in Sources */ = {isa = PBXBuildFile; fileRef = 663CA8332A52A0010075FF13 /* ProfileHeaderDelegate.swift */; };
		6644AD7D2A5BF82A00CE8965 /* TweetController.swift in Sources */ = {isa = PBXBuildFile; fileRef = 6644AD7C2A5BF82A00CE8965 /* TweetController.swift */; };
		6644AD7F2A5BF88200CE8965 /* TweetController+.swift in Sources */ = {isa = PBXBuildFile; fileRef = 6644AD7E2A5BF88200CE8965 /* TweetController+.swift */; };
		6644AD812A5BFB4F00CE8965 /* TweetHeader.swift in Sources */ = {isa = PBXBuildFile; fileRef = 6644AD802A5BFB4F00CE8965 /* TweetHeader.swift */; };
		66452EE22A3C56CD00656C96 /* AppDelegate.swift in Sources */ = {isa = PBXBuildFile; fileRef = 66452EE12A3C56CD00656C96 /* AppDelegate.swift */; };
		66452EE42A3C56CD00656C96 /* SceneDelegate.swift in Sources */ = {isa = PBXBuildFile; fileRef = 66452EE32A3C56CD00656C96 /* SceneDelegate.swift */; };
		66452EE92A3C56CD00656C96 /* Main.storyboard in Resources */ = {isa = PBXBuildFile; fileRef = 66452EE72A3C56CD00656C96 /* Main.storyboard */; };
		66452EEB2A3C56CE00656C96 /* Assets.xcassets in Resources */ = {isa = PBXBuildFile; fileRef = 66452EEA2A3C56CE00656C96 /* Assets.xcassets */; };
		66452EEE2A3C56CE00656C96 /* LaunchScreen.storyboard in Resources */ = {isa = PBXBuildFile; fileRef = 66452EEC2A3C56CE00656C96 /* LaunchScreen.storyboard */; };
		66452EFC2A3C579100656C96 /* MainTabController.swift in Sources */ = {isa = PBXBuildFile; fileRef = 66452EFB2A3C579100656C96 /* MainTabController.swift */; };
		66452EFE2A3C598F00656C96 /* FeedController.swift in Sources */ = {isa = PBXBuildFile; fileRef = 66452EFD2A3C598F00656C96 /* FeedController.swift */; };
		66452F002A3C5A4700656C96 /* ExploreController.swift in Sources */ = {isa = PBXBuildFile; fileRef = 66452EFF2A3C5A4700656C96 /* ExploreController.swift */; };
		66452F022A3C5A8200656C96 /* NotificationsController.swift in Sources */ = {isa = PBXBuildFile; fileRef = 66452F012A3C5A8100656C96 /* NotificationsController.swift */; };
		66452F042A3C5ABF00656C96 /* ConversationsController.swift in Sources */ = {isa = PBXBuildFile; fileRef = 66452F032A3C5ABF00656C96 /* ConversationsController.swift */; };
		665F88DA2A4AA25900A7AD1D /* UploadTweetController.swift in Sources */ = {isa = PBXBuildFile; fileRef = 665F88D92A4AA25900A7AD1D /* UploadTweetController.swift */; };
		665F88FE2A4ABA9E00A7AD1D /* InputTextView.swift in Sources */ = {isa = PBXBuildFile; fileRef = 665F88FD2A4ABA9E00A7AD1D /* InputTextView.swift */; };
		665F89002A4AC46D00A7AD1D /* TweetService.swift in Sources */ = {isa = PBXBuildFile; fileRef = 665F88FF2A4AC46D00A7AD1D /* TweetService.swift */; };
		665F89022A4AD63700A7AD1D /* Tweet.swift in Sources */ = {isa = PBXBuildFile; fileRef = 665F89012A4AD63700A7AD1D /* Tweet.swift */; };
		665F89042A4ADCC400A7AD1D /* TweetCell.swift in Sources */ = {isa = PBXBuildFile; fileRef = 665F89032A4ADCC400A7AD1D /* TweetCell.swift */; };
		6678F8192A4EA26B00D608BF /* FeedController+.swift in Sources */ = {isa = PBXBuildFile; fileRef = 6678F8182A4EA26B00D608BF /* FeedController+.swift */; };
		6678F81B2A4EB84600D608BF /* TweetViewModel.swift in Sources */ = {isa = PBXBuildFile; fileRef = 6678F81A2A4EB84600D608BF /* TweetViewModel.swift */; };
		6678F81D2A4ED1F000D608BF /* ProfileController.swift in Sources */ = {isa = PBXBuildFile; fileRef = 6678F81C2A4ED1F000D608BF /* ProfileController.swift */; };
		6678F81F2A4ED88A00D608BF /* ProfileController+.swift in Sources */ = {isa = PBXBuildFile; fileRef = 6678F81E2A4ED88A00D608BF /* ProfileController+.swift */; };
		6678F8212A4EDCD700D608BF /* ProfileHeader.swift in Sources */ = {isa = PBXBuildFile; fileRef = 6678F8202A4EDCD700D608BF /* ProfileHeader.swift */; };
		6678F8232A4F09A700D608BF /* UI+.swift in Sources */ = {isa = PBXBuildFile; fileRef = 6678F8222A4F09A700D608BF /* UI+.swift */; };
		66A23A392A441023009A9722 /* GoogleService-Info.plist in Resources */ = {isa = PBXBuildFile; fileRef = 66A23A382A441023009A9722 /* GoogleService-Info.plist */; };
		66A66A7F2A679C7600850860 /* EditProfileController.swift in Sources */ = {isa = PBXBuildFile; fileRef = 66A66A7E2A679C7600850860 /* EditProfileController.swift */; };
		66A66A812A679CBA00850860 /* EditProfileController+.swift in Sources */ = {isa = PBXBuildFile; fileRef = 66A66A802A679CBA00850860 /* EditProfileController+.swift */; };
		66A66A882A679FE500850860 /* EditProfileHeader.swift in Sources */ = {isa = PBXBuildFile; fileRef = 66A66A872A679FE500850860 /* EditProfileHeader.swift */; };
		66A66A8A2A67A33A00850860 /* EditProfileHeaderDelegate.swift in Sources */ = {isa = PBXBuildFile; fileRef = 66A66A892A67A33A00850860 /* EditProfileHeaderDelegate.swift */; };
		66A66A8C2A67A4EC00850860 /* EditProfileOptions.swift in Sources */ = {isa = PBXBuildFile; fileRef = 66A66A8B2A67A4EC00850860 /* EditProfileOptions.swift */; };
		66A66A8E2A67A54000850860 /* EditProfileCell.swift in Sources */ = {isa = PBXBuildFile; fileRef = 66A66A8D2A67A54000850860 /* EditProfileCell.swift */; };
		66A66A902A67ACC000850860 /* EditProfileViewModel.swift in Sources */ = {isa = PBXBuildFile; fileRef = 66A66A8F2A67ACC000850860 /* EditProfileViewModel.swift */; };
		66BEC7222A496DF9005B68D8 /* UserService.swift in Sources */ = {isa = PBXBuildFile; fileRef = 66BEC7212A496DF9005B68D8 /* UserService.swift */; };
		66BEC7242A4975CE005B68D8 /* User.swift in Sources */ = {isa = PBXBuildFile; fileRef = 66BEC7232A4975CE005B68D8 /* User.swift */; };
		66DE8E022A417D9B006C4DAF /* LoginController.swift in Sources */ = {isa = PBXBuildFile; fileRef = 66DE8E012A417D9B006C4DAF /* LoginController.swift */; };
		66DE8E042A417E09006C4DAF /* RegistrationController.swift in Sources */ = {isa = PBXBuildFile; fileRef = 66DE8E032A417E09006C4DAF /* RegistrationController.swift */; };
		66DE8E062A4184EC006C4DAF /* Utilities.swift in Sources */ = {isa = PBXBuildFile; fileRef = 66DE8E052A4184EC006C4DAF /* Utilities.swift */; };
/* End PBXBuildFile section */

/* Begin PBXFileReference section */
		660190472A54052600D41001 /* ExploreController+.swift */ = {isa = PBXFileReference; lastKnownFileType = sourcecode.swift; path = "ExploreController+.swift"; sourceTree = "<group>"; };
		660190492A54057600D41001 /* UserCell.swift */ = {isa = PBXFileReference; lastKnownFileType = sourcecode.swift; path = UserCell.swift; sourceTree = "<group>"; };
		660B51632A64F26D008E0DDB /* Notification.swift */ = {isa = PBXFileReference; lastKnownFileType = sourcecode.swift; path = Notification.swift; sourceTree = "<group>"; };
		660B51652A650383008E0DDB /* NotificationService.swift */ = {isa = PBXFileReference; lastKnownFileType = sourcecode.swift; path = NotificationService.swift; sourceTree = "<group>"; };
		660B51672A651022008E0DDB /* NotificationController+.swift */ = {isa = PBXFileReference; lastKnownFileType = sourcecode.swift; path = "NotificationController+.swift"; sourceTree = "<group>"; };
		660B51692A65107B008E0DDB /* NotificationCell.swift */ = {isa = PBXFileReference; lastKnownFileType = sourcecode.swift; path = NotificationCell.swift; sourceTree = "<group>"; };
		660B516B2A6524EA008E0DDB /* NotificationViewModel.swift */ = {isa = PBXFileReference; lastKnownFileType = sourcecode.swift; path = NotificationViewModel.swift; sourceTree = "<group>"; };
		661FA0352A45808D00B3A12F /* Constants.swift */ = {isa = PBXFileReference; lastKnownFileType = sourcecode.swift; path = Constants.swift; sourceTree = "<group>"; };
		661FA0392A45A51D00B3A12F /* Authentication.swift */ = {isa = PBXFileReference; fileEncoding = 4; lastKnownFileType = sourcecode.swift; path = Authentication.swift; sourceTree = "<group>"; };
		66256B202A5E39E900D6165C /* UploadTweetViewModel.swift */ = {isa = PBXFileReference; lastKnownFileType = sourcecode.swift; path = UploadTweetViewModel.swift; sourceTree = "<group>"; };
		66256B222A5E598300D6165C /* ActionSheetLauncher.swift */ = {isa = PBXFileReference; lastKnownFileType = sourcecode.swift; path = ActionSheetLauncher.swift; sourceTree = "<group>"; };
		66256B242A5E5A7400D6165C /* TweetHeaderDelegate.swift */ = {isa = PBXFileReference; lastKnownFileType = sourcecode.swift; path = TweetHeaderDelegate.swift; sourceTree = "<group>"; };
		66256B262A5E5D6F00D6165C /* ActionSheetLauncher+.swift */ = {isa = PBXFileReference; lastKnownFileType = sourcecode.swift; path = "ActionSheetLauncher+.swift"; sourceTree = "<group>"; };
		66256B292A5E65D000D6165C /* TweetHeaderViewModel.swift */ = {isa = PBXFileReference; lastKnownFileType = sourcecode.swift; path = TweetHeaderViewModel.swift; sourceTree = "<group>"; };
		66256B2C2A5E85FF00D6165C /* ActionSheetCell.swift */ = {isa = PBXFileReference; lastKnownFileType = sourcecode.swift; path = ActionSheetCell.swift; sourceTree = "<group>"; };
		66256B2E2A5E8BF300D6165C /* ActionSheetViewModel.swift */ = {isa = PBXFileReference; lastKnownFileType = sourcecode.swift; path = ActionSheetViewModel.swift; sourceTree = "<group>"; };
		662B1E022A4033510008DEFA /* UIView+.swift */ = {isa = PBXFileReference; lastKnownFileType = sourcecode.swift; path = "UIView+.swift"; sourceTree = "<group>"; };
		663CA8232A5279A00075FF13 /* ProfileFilterView.swift */ = {isa = PBXFileReference; lastKnownFileType = sourcecode.swift; path = ProfileFilterView.swift; sourceTree = "<group>"; };
		663CA8262A527CE00075FF13 /* ProfileFilterView+.swift */ = {isa = PBXFileReference; lastKnownFileType = sourcecode.swift; path = "ProfileFilterView+.swift"; sourceTree = "<group>"; };
		663CA8282A527DE30075FF13 /* ProfileFilterCell.swift */ = {isa = PBXFileReference; lastKnownFileType = sourcecode.swift; path = ProfileFilterCell.swift; sourceTree = "<group>"; };
		663CA82A2A528C260075FF13 /* ProfileFilterViewDelegate.swift */ = {isa = PBXFileReference; lastKnownFileType = sourcecode.swift; path = ProfileFilterViewDelegate.swift; sourceTree = "<group>"; };
		663CA82D2A528D060075FF13 /* ProfileHeader+.swift */ = {isa = PBXFileReference; lastKnownFileType = sourcecode.swift; path = "ProfileHeader+.swift"; sourceTree = "<group>"; };
		663CA82F2A52903F0075FF13 /* ProfileHeaderViewModel.swift */ = {isa = PBXFileReference; lastKnownFileType = sourcecode.swift; path = ProfileHeaderViewModel.swift; sourceTree = "<group>"; };
		663CA8312A529F0B0075FF13 /* ProfileFilterOptions.swift */ = {isa = PBXFileReference; lastKnownFileType = sourcecode.swift; path = ProfileFilterOptions.swift; sourceTree = "<group>"; };
		663CA8332A52A0010075FF13 /* ProfileHeaderDelegate.swift */ = {isa = PBXFileReference; lastKnownFileType = sourcecode.swift; path = ProfileHeaderDelegate.swift; sourceTree = "<group>"; };
		6644AD7C2A5BF82A00CE8965 /* TweetController.swift */ = {isa = PBXFileReference; lastKnownFileType = sourcecode.swift; path = TweetController.swift; sourceTree = "<group>"; };
		6644AD7E2A5BF88200CE8965 /* TweetController+.swift */ = {isa = PBXFileReference; lastKnownFileType = sourcecode.swift; path = "TweetController+.swift"; sourceTree = "<group>"; };
		6644AD802A5BFB4F00CE8965 /* TweetHeader.swift */ = {isa = PBXFileReference; lastKnownFileType = sourcecode.swift; path = TweetHeader.swift; sourceTree = "<group>"; };
		66452EDE2A3C56CD00656C96 /* TwitterCloneProject.app */ = {isa = PBXFileReference; explicitFileType = wrapper.application; includeInIndex = 0; path = TwitterCloneProject.app; sourceTree = BUILT_PRODUCTS_DIR; };
		66452EE12A3C56CD00656C96 /* AppDelegate.swift */ = {isa = PBXFileReference; lastKnownFileType = sourcecode.swift; path = AppDelegate.swift; sourceTree = "<group>"; };
		66452EE32A3C56CD00656C96 /* SceneDelegate.swift */ = {isa = PBXFileReference; lastKnownFileType = sourcecode.swift; path = SceneDelegate.swift; sourceTree = "<group>"; };
		66452EE82A3C56CD00656C96 /* Base */ = {isa = PBXFileReference; lastKnownFileType = file.storyboard; name = Base; path = Base.lproj/Main.storyboard; sourceTree = "<group>"; };
		66452EEA2A3C56CE00656C96 /* Assets.xcassets */ = {isa = PBXFileReference; lastKnownFileType = folder.assetcatalog; path = Assets.xcassets; sourceTree = "<group>"; };
		66452EED2A3C56CE00656C96 /* Base */ = {isa = PBXFileReference; lastKnownFileType = file.storyboard; name = Base; path = Base.lproj/LaunchScreen.storyboard; sourceTree = "<group>"; };
		66452EEF2A3C56CE00656C96 /* Info.plist */ = {isa = PBXFileReference; lastKnownFileType = text.plist.xml; path = Info.plist; sourceTree = "<group>"; };
		66452EFB2A3C579100656C96 /* MainTabController.swift */ = {isa = PBXFileReference; lastKnownFileType = sourcecode.swift; path = MainTabController.swift; sourceTree = "<group>"; };
		66452EFD2A3C598F00656C96 /* FeedController.swift */ = {isa = PBXFileReference; lastKnownFileType = sourcecode.swift; path = FeedController.swift; sourceTree = "<group>"; };
		66452EFF2A3C5A4700656C96 /* ExploreController.swift */ = {isa = PBXFileReference; lastKnownFileType = sourcecode.swift; path = ExploreController.swift; sourceTree = "<group>"; };
		66452F012A3C5A8100656C96 /* NotificationsController.swift */ = {isa = PBXFileReference; lastKnownFileType = sourcecode.swift; path = NotificationsController.swift; sourceTree = "<group>"; };
		66452F032A3C5ABF00656C96 /* ConversationsController.swift */ = {isa = PBXFileReference; lastKnownFileType = sourcecode.swift; path = ConversationsController.swift; sourceTree = "<group>"; };
		665F88D92A4AA25900A7AD1D /* UploadTweetController.swift */ = {isa = PBXFileReference; lastKnownFileType = sourcecode.swift; path = UploadTweetController.swift; sourceTree = "<group>"; };
		665F88FD2A4ABA9E00A7AD1D /* InputTextView.swift */ = {isa = PBXFileReference; lastKnownFileType = sourcecode.swift; path = InputTextView.swift; sourceTree = "<group>"; };
		665F88FF2A4AC46D00A7AD1D /* TweetService.swift */ = {isa = PBXFileReference; lastKnownFileType = sourcecode.swift; path = TweetService.swift; sourceTree = "<group>"; };
		665F89012A4AD63700A7AD1D /* Tweet.swift */ = {isa = PBXFileReference; lastKnownFileType = sourcecode.swift; path = Tweet.swift; sourceTree = "<group>"; };
		665F89032A4ADCC400A7AD1D /* TweetCell.swift */ = {isa = PBXFileReference; lastKnownFileType = sourcecode.swift; path = TweetCell.swift; sourceTree = "<group>"; };
		6678F8182A4EA26B00D608BF /* FeedController+.swift */ = {isa = PBXFileReference; lastKnownFileType = sourcecode.swift; path = "FeedController+.swift"; sourceTree = "<group>"; };
		6678F81A2A4EB84600D608BF /* TweetViewModel.swift */ = {isa = PBXFileReference; lastKnownFileType = sourcecode.swift; path = TweetViewModel.swift; sourceTree = "<group>"; };
		6678F81C2A4ED1F000D608BF /* ProfileController.swift */ = {isa = PBXFileReference; lastKnownFileType = sourcecode.swift; path = ProfileController.swift; sourceTree = "<group>"; };
		6678F81E2A4ED88A00D608BF /* ProfileController+.swift */ = {isa = PBXFileReference; lastKnownFileType = sourcecode.swift; path = "ProfileController+.swift"; sourceTree = "<group>"; };
		6678F8202A4EDCD700D608BF /* ProfileHeader.swift */ = {isa = PBXFileReference; lastKnownFileType = sourcecode.swift; path = ProfileHeader.swift; sourceTree = "<group>"; };
		6678F8222A4F09A700D608BF /* UI+.swift */ = {isa = PBXFileReference; lastKnownFileType = sourcecode.swift; path = "UI+.swift"; sourceTree = "<group>"; };
		66A23A382A441023009A9722 /* GoogleService-Info.plist */ = {isa = PBXFileReference; fileEncoding = 4; lastKnownFileType = text.plist.xml; name = "GoogleService-Info.plist"; path = "../../GoogleService-Info.plist"; sourceTree = "<group>"; };
		66A66A7E2A679C7600850860 /* EditProfileController.swift */ = {isa = PBXFileReference; lastKnownFileType = sourcecode.swift; path = EditProfileController.swift; sourceTree = "<group>"; };
		66A66A802A679CBA00850860 /* EditProfileController+.swift */ = {isa = PBXFileReference; lastKnownFileType = sourcecode.swift; path = "EditProfileController+.swift"; sourceTree = "<group>"; };
		66A66A872A679FE500850860 /* EditProfileHeader.swift */ = {isa = PBXFileReference; lastKnownFileType = sourcecode.swift; path = EditProfileHeader.swift; sourceTree = "<group>"; };
		66A66A892A67A33A00850860 /* EditProfileHeaderDelegate.swift */ = {isa = PBXFileReference; lastKnownFileType = sourcecode.swift; path = EditProfileHeaderDelegate.swift; sourceTree = "<group>"; };
		66A66A8B2A67A4EC00850860 /* EditProfileOptions.swift */ = {isa = PBXFileReference; lastKnownFileType = sourcecode.swift; path = EditProfileOptions.swift; sourceTree = "<group>"; };
		66A66A8D2A67A54000850860 /* EditProfileCell.swift */ = {isa = PBXFileReference; lastKnownFileType = sourcecode.swift; path = EditProfileCell.swift; sourceTree = "<group>"; };
		66A66A8F2A67ACC000850860 /* EditProfileViewModel.swift */ = {isa = PBXFileReference; lastKnownFileType = sourcecode.swift; path = EditProfileViewModel.swift; sourceTree = "<group>"; };
		66BEC7212A496DF9005B68D8 /* UserService.swift */ = {isa = PBXFileReference; lastKnownFileType = sourcecode.swift; path = UserService.swift; sourceTree = "<group>"; };
		66BEC7232A4975CE005B68D8 /* User.swift */ = {isa = PBXFileReference; lastKnownFileType = sourcecode.swift; path = User.swift; sourceTree = "<group>"; };
		66DE8E012A417D9B006C4DAF /* LoginController.swift */ = {isa = PBXFileReference; lastKnownFileType = sourcecode.swift; path = LoginController.swift; sourceTree = "<group>"; };
		66DE8E032A417E09006C4DAF /* RegistrationController.swift */ = {isa = PBXFileReference; lastKnownFileType = sourcecode.swift; path = RegistrationController.swift; sourceTree = "<group>"; };
		66DE8E052A4184EC006C4DAF /* Utilities.swift */ = {isa = PBXFileReference; lastKnownFileType = sourcecode.swift; path = Utilities.swift; sourceTree = "<group>"; };
		81BFC894AD4B8D1D2093A3A9 /* Pods-TwitterCloneProject.debug.xcconfig */ = {isa = PBXFileReference; includeInIndex = 1; lastKnownFileType = text.xcconfig; name = "Pods-TwitterCloneProject.debug.xcconfig"; path = "Target Support Files/Pods-TwitterCloneProject/Pods-TwitterCloneProject.debug.xcconfig"; sourceTree = "<group>"; };
		9AEDCFD5E6B9AFE86363D902 /* Pods_TwitterCloneProject.framework */ = {isa = PBXFileReference; explicitFileType = wrapper.framework; includeInIndex = 0; path = Pods_TwitterCloneProject.framework; sourceTree = BUILT_PRODUCTS_DIR; };
		C275DF61D10654504A07976B /* Pods-TwitterCloneProject.release.xcconfig */ = {isa = PBXFileReference; includeInIndex = 1; lastKnownFileType = text.xcconfig; name = "Pods-TwitterCloneProject.release.xcconfig"; path = "Target Support Files/Pods-TwitterCloneProject/Pods-TwitterCloneProject.release.xcconfig"; sourceTree = "<group>"; };
/* End PBXFileReference section */

/* Begin PBXFrameworksBuildPhase section */
		66452EDB2A3C56CD00656C96 /* Frameworks */ = {
			isa = PBXFrameworksBuildPhase;
			buildActionMask = 2147483647;
			files = (
				2D5BD6794DA294A4C62E4A25 /* Pods_TwitterCloneProject.framework in Frameworks */,
			);
			runOnlyForDeploymentPostprocessing = 0;
		};
/* End PBXFrameworksBuildPhase section */

/* Begin PBXGroup section */
		66256B2B2A5E85CD00D6165C /* ActionSheet */ = {
			isa = PBXGroup;
			children = (
				66256B262A5E5D6F00D6165C /* ActionSheetLauncher+.swift */,
				66256B222A5E598300D6165C /* ActionSheetLauncher.swift */,
				66256B2C2A5E85FF00D6165C /* ActionSheetCell.swift */,
				66256B2E2A5E8BF300D6165C /* ActionSheetViewModel.swift */,
			);
			path = ActionSheet;
			sourceTree = "<group>";
		};
		663CA8252A527CCD0075FF13 /* Extension */ = {
			isa = PBXGroup;
			children = (
			);
			path = Extension;
			sourceTree = "<group>";
		};
		663CA82C2A528C2A0075FF13 /* Protocol */ = {
			isa = PBXGroup;
			children = (
			);
			path = Protocol;
			sourceTree = "<group>";
		};
		66452ED52A3C56CD00656C96 = {
			isa = PBXGroup;
			children = (
				66452EE02A3C56CD00656C96 /* TwitterCloneProject */,
				66452EDF2A3C56CD00656C96 /* Products */,
				F425A27FA0731927146B0E54 /* Pods */,
				931F0B6DE98EBEEA0188061F /* Frameworks */,
			);
			sourceTree = "<group>";
		};
		66452EDF2A3C56CD00656C96 /* Products */ = {
			isa = PBXGroup;
			children = (
				66452EDE2A3C56CD00656C96 /* TwitterCloneProject.app */,
			);
			name = Products;
			sourceTree = "<group>";
		};
		66452EE02A3C56CD00656C96 /* TwitterCloneProject */ = {
			isa = PBXGroup;
			children = (
				66452EFA2A3C572100656C96 /* Model */,
				66452EF92A3C571F00656C96 /* View */,
				66452EF82A3C571A00656C96 /* ViewModel */,
				66452EF72A3C571100656C96 /* Controller */,
				66452EF62A3C570800656C96 /* API */,
				66452EF52A3C570300656C96 /* Utils */,
				66452EE12A3C56CD00656C96 /* AppDelegate.swift */,
				66452EE32A3C56CD00656C96 /* SceneDelegate.swift */,
				66452EE72A3C56CD00656C96 /* Main.storyboard */,
				66452EEA2A3C56CE00656C96 /* Assets.xcassets */,
				66452EEC2A3C56CE00656C96 /* LaunchScreen.storyboard */,
				66452EEF2A3C56CE00656C96 /* Info.plist */,
				66A23A382A441023009A9722 /* GoogleService-Info.plist */,
			);
			path = TwitterCloneProject;
			sourceTree = "<group>";
		};
		66452EF52A3C570300656C96 /* Utils */ = {
			isa = PBXGroup;
			children = (
				66256B2B2A5E85CD00D6165C /* ActionSheet */,
				662B1E022A4033510008DEFA /* UIView+.swift */,
				66DE8E052A4184EC006C4DAF /* Utilities.swift */,
				661FA0352A45808D00B3A12F /* Constants.swift */,
				6678F8222A4F09A700D608BF /* UI+.swift */,
			);
			path = Utils;
			sourceTree = "<group>";
		};
		66452EF62A3C570800656C96 /* API */ = {
			isa = PBXGroup;
			children = (
				661FA0392A45A51D00B3A12F /* Authentication.swift */,
				66BEC7212A496DF9005B68D8 /* UserService.swift */,
				665F88FF2A4AC46D00A7AD1D /* TweetService.swift */,
				660B51652A650383008E0DDB /* NotificationService.swift */,
			);
			path = API;
			sourceTree = "<group>";
		};
		66452EF72A3C571100656C96 /* Controller */ = {
			isa = PBXGroup;
			children = (
				6678F8172A4EA25F00D608BF /* Extension */,
				66DE8E002A417D7A006C4DAF /* Authentication */,
				66452EFB2A3C579100656C96 /* MainTabController.swift */,
				66452EFD2A3C598F00656C96 /* FeedController.swift */,
				66452EFF2A3C5A4700656C96 /* ExploreController.swift */,
				66452F012A3C5A8100656C96 /* NotificationsController.swift */,
				66452F032A3C5ABF00656C96 /* ConversationsController.swift */,
				665F88D92A4AA25900A7AD1D /* UploadTweetController.swift */,
				6678F81C2A4ED1F000D608BF /* ProfileController.swift */,
				6644AD7C2A5BF82A00CE8965 /* TweetController.swift */,
				66A66A7E2A679C7600850860 /* EditProfileController.swift */,
			);
			path = Controller;
			sourceTree = "<group>";
		};
		66452EF82A3C571A00656C96 /* ViewModel */ = {
			isa = PBXGroup;
			children = (
				6678F81A2A4EB84600D608BF /* TweetViewModel.swift */,
				663CA82F2A52903F0075FF13 /* ProfileHeaderViewModel.swift */,
				66256B202A5E39E900D6165C /* UploadTweetViewModel.swift */,
				66256B292A5E65D000D6165C /* TweetHeaderViewModel.swift */,
				660B516B2A6524EA008E0DDB /* NotificationViewModel.swift */,
				66A66A8F2A67ACC000850860 /* EditProfileViewModel.swift */,
			);
			path = ViewModel;
			sourceTree = "<group>";
		};
		66452EF92A3C571F00656C96 /* View */ = {
			isa = PBXGroup;
			children = (
				66A66A852A679F9600850860 /* Tweet */,
				66A66A822A679F5000850860 /* Profile */,
				663CA82C2A528C2A0075FF13 /* Protocol */,
				663CA8252A527CCD0075FF13 /* Extension */,
				665F88FD2A4ABA9E00A7AD1D /* InputTextView.swift */,
				660190492A54057600D41001 /* UserCell.swift */,
				660B51692A65107B008E0DDB /* NotificationCell.swift */,
			);
			path = View;
			sourceTree = "<group>";
		};
		66452EFA2A3C572100656C96 /* Model */ = {
			isa = PBXGroup;
			children = (
				66BEC7232A4975CE005B68D8 /* User.swift */,
				665F89012A4AD63700A7AD1D /* Tweet.swift */,
				663CA8312A529F0B0075FF13 /* ProfileFilterOptions.swift */,
				660B51632A64F26D008E0DDB /* Notification.swift */,
				66A66A8B2A67A4EC00850860 /* EditProfileOptions.swift */,
			);
			path = Model;
			sourceTree = "<group>";
		};
		6678F8172A4EA25F00D608BF /* Extension */ = {
			isa = PBXGroup;
			children = (
				6678F8182A4EA26B00D608BF /* FeedController+.swift */,
				6678F81E2A4ED88A00D608BF /* ProfileController+.swift */,
				660190472A54052600D41001 /* ExploreController+.swift */,
				6644AD7E2A5BF88200CE8965 /* TweetController+.swift */,
				660B51672A651022008E0DDB /* NotificationController+.swift */,
				66A66A802A679CBA00850860 /* EditProfileController+.swift */,
			);
			path = Extension;
			sourceTree = "<group>";
		};
		66A66A822A679F5000850860 /* Profile */ = {
			isa = PBXGroup;
			children = (
				66A66A842A679F8600850860 /* Protocol */,
				66A66A832A679F7600850860 /* Extension */,
				6678F8202A4EDCD700D608BF /* ProfileHeader.swift */,
				663CA8232A5279A00075FF13 /* ProfileFilterView.swift */,
				663CA8282A527DE30075FF13 /* ProfileFilterCell.swift */,
				66A66A872A679FE500850860 /* EditProfileHeader.swift */,
				66A66A8D2A67A54000850860 /* EditProfileCell.swift */,
			);
			path = Profile;
			sourceTree = "<group>";
		};
		66A66A832A679F7600850860 /* Extension */ = {
			isa = PBXGroup;
			children = (
				663CA8262A527CE00075FF13 /* ProfileFilterView+.swift */,
				663CA82D2A528D060075FF13 /* ProfileHeader+.swift */,
			);
			path = Extension;
			sourceTree = "<group>";
		};
		66A66A842A679F8600850860 /* Protocol */ = {
			isa = PBXGroup;
			children = (
				663CA82A2A528C260075FF13 /* ProfileFilterViewDelegate.swift */,
				663CA8332A52A0010075FF13 /* ProfileHeaderDelegate.swift */,
				66A66A892A67A33A00850860 /* EditProfileHeaderDelegate.swift */,
			);
			path = Protocol;
			sourceTree = "<group>";
		};
		66A66A852A679F9600850860 /* Tweet */ = {
			isa = PBXGroup;
			children = (
				66A66A862A679FA900850860 /* Protocol */,
				665F89032A4ADCC400A7AD1D /* TweetCell.swift */,
				6644AD802A5BFB4F00CE8965 /* TweetHeader.swift */,
			);
			path = Tweet;
			sourceTree = "<group>";
		};
		66A66A862A679FA900850860 /* Protocol */ = {
			isa = PBXGroup;
			children = (
				66256B242A5E5A7400D6165C /* TweetHeaderDelegate.swift */,
			);
			path = Protocol;
			sourceTree = "<group>";
		};
		66DE8E002A417D7A006C4DAF /* Authentication */ = {
			isa = PBXGroup;
			children = (
				66DE8E012A417D9B006C4DAF /* LoginController.swift */,
				66DE8E032A417E09006C4DAF /* RegistrationController.swift */,
			);
			path = Authentication;
			sourceTree = "<group>";
		};
		931F0B6DE98EBEEA0188061F /* Frameworks */ = {
			isa = PBXGroup;
			children = (
				9AEDCFD5E6B9AFE86363D902 /* Pods_TwitterCloneProject.framework */,
			);
			name = Frameworks;
			sourceTree = "<group>";
		};
		F425A27FA0731927146B0E54 /* Pods */ = {
			isa = PBXGroup;
			children = (
				81BFC894AD4B8D1D2093A3A9 /* Pods-TwitterCloneProject.debug.xcconfig */,
				C275DF61D10654504A07976B /* Pods-TwitterCloneProject.release.xcconfig */,
			);
			path = Pods;
			sourceTree = "<group>";
		};
/* End PBXGroup section */

/* Begin PBXNativeTarget section */
		66452EDD2A3C56CD00656C96 /* TwitterCloneProject */ = {
			isa = PBXNativeTarget;
			buildConfigurationList = 66452EF22A3C56CE00656C96 /* Build configuration list for PBXNativeTarget "TwitterCloneProject" */;
			buildPhases = (
				4D42D1020EB19A21D5860FB5 /* [CP] Check Pods Manifest.lock */,
				66452EDA2A3C56CD00656C96 /* Sources */,
				66452EDB2A3C56CD00656C96 /* Frameworks */,
				66452EDC2A3C56CD00656C96 /* Resources */,
				091843601D07079B66739F85 /* [CP] Embed Pods Frameworks */,
			);
			buildRules = (
			);
			dependencies = (
			);
			name = TwitterCloneProject;
			productName = TwitterCloneProject;
			productReference = 66452EDE2A3C56CD00656C96 /* TwitterCloneProject.app */;
			productType = "com.apple.product-type.application";
		};
/* End PBXNativeTarget section */

/* Begin PBXProject section */
		66452ED62A3C56CD00656C96 /* Project object */ = {
			isa = PBXProject;
			attributes = {
				BuildIndependentTargetsInParallel = 1;
				LastSwiftUpdateCheck = 1430;
				LastUpgradeCheck = 1430;
				TargetAttributes = {
					66452EDD2A3C56CD00656C96 = {
						CreatedOnToolsVersion = 14.3.1;
					};
				};
			};
			buildConfigurationList = 66452ED92A3C56CD00656C96 /* Build configuration list for PBXProject "TwitterCloneProject" */;
			compatibilityVersion = "Xcode 14.0";
			developmentRegion = en;
			hasScannedForEncodings = 0;
			knownRegions = (
				en,
				Base,
			);
			mainGroup = 66452ED52A3C56CD00656C96;
			productRefGroup = 66452EDF2A3C56CD00656C96 /* Products */;
			projectDirPath = "";
			projectRoot = "";
			targets = (
				66452EDD2A3C56CD00656C96 /* TwitterCloneProject */,
			);
		};
/* End PBXProject section */

/* Begin PBXResourcesBuildPhase section */
		66452EDC2A3C56CD00656C96 /* Resources */ = {
			isa = PBXResourcesBuildPhase;
			buildActionMask = 2147483647;
			files = (
				66452EEE2A3C56CE00656C96 /* LaunchScreen.storyboard in Resources */,
				66A23A392A441023009A9722 /* GoogleService-Info.plist in Resources */,
				66452EEB2A3C56CE00656C96 /* Assets.xcassets in Resources */,
				66452EE92A3C56CD00656C96 /* Main.storyboard in Resources */,
			);
			runOnlyForDeploymentPostprocessing = 0;
		};
/* End PBXResourcesBuildPhase section */

/* Begin PBXShellScriptBuildPhase section */
		091843601D07079B66739F85 /* [CP] Embed Pods Frameworks */ = {
			isa = PBXShellScriptBuildPhase;
			buildActionMask = 2147483647;
			files = (
			);
			inputFileListPaths = (
				"${PODS_ROOT}/Target Support Files/Pods-TwitterCloneProject/Pods-TwitterCloneProject-frameworks-${CONFIGURATION}-input-files.xcfilelist",
			);
			name = "[CP] Embed Pods Frameworks";
			outputFileListPaths = (
				"${PODS_ROOT}/Target Support Files/Pods-TwitterCloneProject/Pods-TwitterCloneProject-frameworks-${CONFIGURATION}-output-files.xcfilelist",
			);
			runOnlyForDeploymentPostprocessing = 0;
			shellPath = /bin/sh;
			shellScript = "\"${PODS_ROOT}/Target Support Files/Pods-TwitterCloneProject/Pods-TwitterCloneProject-frameworks.sh\"\n";
			showEnvVarsInLog = 0;
		};
		4D42D1020EB19A21D5860FB5 /* [CP] Check Pods Manifest.lock */ = {
			isa = PBXShellScriptBuildPhase;
			buildActionMask = 2147483647;
			files = (
			);
			inputFileListPaths = (
			);
			inputPaths = (
				"${PODS_PODFILE_DIR_PATH}/Podfile.lock",
				"${PODS_ROOT}/Manifest.lock",
			);
			name = "[CP] Check Pods Manifest.lock";
			outputFileListPaths = (
			);
			outputPaths = (
				"$(DERIVED_FILE_DIR)/Pods-TwitterCloneProject-checkManifestLockResult.txt",
			);
			runOnlyForDeploymentPostprocessing = 0;
			shellPath = /bin/sh;
			shellScript = "diff \"${PODS_PODFILE_DIR_PATH}/Podfile.lock\" \"${PODS_ROOT}/Manifest.lock\" > /dev/null\nif [ $? != 0 ] ; then\n    # print error to STDERR\n    echo \"error: The sandbox is not in sync with the Podfile.lock. Run 'pod install' or update your CocoaPods installation.\" >&2\n    exit 1\nfi\n# This output is used by Xcode 'outputs' to avoid re-running this script phase.\necho \"SUCCESS\" > \"${SCRIPT_OUTPUT_FILE_0}\"\n";
			showEnvVarsInLog = 0;
		};
/* End PBXShellScriptBuildPhase section */

/* Begin PBXSourcesBuildPhase section */
		66452EDA2A3C56CD00656C96 /* Sources */ = {
			isa = PBXSourcesBuildPhase;
			buildActionMask = 2147483647;
			files = (
				66256B232A5E598300D6165C /* ActionSheetLauncher.swift in Sources */,
				66BEC7222A496DF9005B68D8 /* UserService.swift in Sources */,
				66452F022A3C5A8200656C96 /* NotificationsController.swift in Sources */,
				665F88FE2A4ABA9E00A7AD1D /* InputTextView.swift in Sources */,
				66256B2F2A5E8BF300D6165C /* ActionSheetViewModel.swift in Sources */,
				660B51642A64F26D008E0DDB /* Notification.swift in Sources */,
				66A66A8C2A67A4EC00850860 /* EditProfileOptions.swift in Sources */,
				66452F042A3C5ABF00656C96 /* ConversationsController.swift in Sources */,
				663CA82E2A528D060075FF13 /* ProfileHeader+.swift in Sources */,
				66A66A882A679FE500850860 /* EditProfileHeader.swift in Sources */,
				66DE8E062A4184EC006C4DAF /* Utilities.swift in Sources */,
				663CA8292A527DE30075FF13 /* ProfileFilterCell.swift in Sources */,
				66A66A812A679CBA00850860 /* EditProfileController+.swift in Sources */,
				66452EE22A3C56CD00656C96 /* AppDelegate.swift in Sources */,
				661FA03A2A45A51D00B3A12F /* Authentication.swift in Sources */,
				66256B2D2A5E85FF00D6165C /* ActionSheetCell.swift in Sources */,
				665F89042A4ADCC400A7AD1D /* TweetCell.swift in Sources */,
				663CA82B2A528C260075FF13 /* ProfileFilterViewDelegate.swift in Sources */,
				66452F002A3C5A4700656C96 /* ExploreController.swift in Sources */,
				66256B272A5E5D6F00D6165C /* ActionSheetLauncher+.swift in Sources */,
				6678F81D2A4ED1F000D608BF /* ProfileController.swift in Sources */,
				660190482A54052600D41001 /* ExploreController+.swift in Sources */,
				66DE8E022A417D9B006C4DAF /* LoginController.swift in Sources */,
				660B516C2A6524EA008E0DDB /* NotificationViewModel.swift in Sources */,
				66A66A7F2A679C7600850860 /* EditProfileController.swift in Sources */,
				6644AD812A5BFB4F00CE8965 /* TweetHeader.swift in Sources */,
				66A66A8A2A67A33A00850860 /* EditProfileHeaderDelegate.swift in Sources */,
				6678F81F2A4ED88A00D608BF /* ProfileController+.swift in Sources */,
				665F88DA2A4AA25900A7AD1D /* UploadTweetController.swift in Sources */,
				66256B252A5E5A7400D6165C /* TweetHeaderDelegate.swift in Sources */,
				66A66A8E2A67A54000850860 /* EditProfileCell.swift in Sources */,
				663CA8322A529F0B0075FF13 /* ProfileFilterOptions.swift in Sources */,
				66BEC7242A4975CE005B68D8 /* User.swift in Sources */,
				6678F81B2A4EB84600D608BF /* TweetViewModel.swift in Sources */,
				66A66A902A67ACC000850860 /* EditProfileViewModel.swift in Sources */,
				6678F8192A4EA26B00D608BF /* FeedController+.swift in Sources */,
				660B51662A650383008E0DDB /* NotificationService.swift in Sources */,
				662B1E032A4033510008DEFA /* UIView+.swift in Sources */,
				663CA8242A5279A00075FF13 /* ProfileFilterView.swift in Sources */,
				66256B2A2A5E65D000D6165C /* TweetHeaderViewModel.swift in Sources */,
				66452EE42A3C56CD00656C96 /* SceneDelegate.swift in Sources */,
				6678F8212A4EDCD700D608BF /* ProfileHeader.swift in Sources */,
				66452EFC2A3C579100656C96 /* MainTabController.swift in Sources */,
				66DE8E042A417E09006C4DAF /* RegistrationController.swift in Sources */,
				6644AD7F2A5BF88200CE8965 /* TweetController+.swift in Sources */,
				66452EFE2A3C598F00656C96 /* FeedController.swift in Sources */,
				6644AD7D2A5BF82A00CE8965 /* TweetController.swift in Sources */,
				66256B212A5E39E900D6165C /* UploadTweetViewModel.swift in Sources */,
				660B51682A651022008E0DDB /* NotificationController+.swift in Sources */,
				663CA8342A52A0010075FF13 /* ProfileHeaderDelegate.swift in Sources */,
				661FA0362A45808D00B3A12F /* Constants.swift in Sources */,
				663CA8272A527CE00075FF13 /* ProfileFilterView+.swift in Sources */,
				665F89022A4AD63700A7AD1D /* Tweet.swift in Sources */,
				6601904A2A54057600D41001 /* UserCell.swift in Sources */,
				663CA8302A52903F0075FF13 /* ProfileHeaderViewModel.swift in Sources */,
				665F89002A4AC46D00A7AD1D /* TweetService.swift in Sources */,
				660B516A2A65107B008E0DDB /* NotificationCell.swift in Sources */,
				6678F8232A4F09A700D608BF /* UI+.swift in Sources */,
			);
			runOnlyForDeploymentPostprocessing = 0;
		};
/* End PBXSourcesBuildPhase section */

/* Begin PBXVariantGroup section */
		66452EE72A3C56CD00656C96 /* Main.storyboard */ = {
			isa = PBXVariantGroup;
			children = (
				66452EE82A3C56CD00656C96 /* Base */,
			);
			name = Main.storyboard;
			sourceTree = "<group>";
		};
		66452EEC2A3C56CE00656C96 /* LaunchScreen.storyboard */ = {
			isa = PBXVariantGroup;
			children = (
				66452EED2A3C56CE00656C96 /* Base */,
			);
			name = LaunchScreen.storyboard;
			sourceTree = "<group>";
		};
/* End PBXVariantGroup section */

/* Begin XCBuildConfiguration section */
		66452EF02A3C56CE00656C96 /* Debug */ = {
			isa = XCBuildConfiguration;
			buildSettings = {
				ALWAYS_SEARCH_USER_PATHS = NO;
				CLANG_ANALYZER_NONNULL = YES;
				CLANG_ANALYZER_NUMBER_OBJECT_CONVERSION = YES_AGGRESSIVE;
				CLANG_CXX_LANGUAGE_STANDARD = "gnu++20";
				CLANG_ENABLE_MODULES = YES;
				CLANG_ENABLE_OBJC_ARC = YES;
				CLANG_ENABLE_OBJC_WEAK = YES;
				CLANG_WARN_BLOCK_CAPTURE_AUTORELEASING = YES;
				CLANG_WARN_BOOL_CONVERSION = YES;
				CLANG_WARN_COMMA = YES;
				CLANG_WARN_CONSTANT_CONVERSION = YES;
				CLANG_WARN_DEPRECATED_OBJC_IMPLEMENTATIONS = YES;
				CLANG_WARN_DIRECT_OBJC_ISA_USAGE = YES_ERROR;
				CLANG_WARN_DOCUMENTATION_COMMENTS = YES;
				CLANG_WARN_EMPTY_BODY = YES;
				CLANG_WARN_ENUM_CONVERSION = YES;
				CLANG_WARN_INFINITE_RECURSION = YES;
				CLANG_WARN_INT_CONVERSION = YES;
				CLANG_WARN_NON_LITERAL_NULL_CONVERSION = YES;
				CLANG_WARN_OBJC_IMPLICIT_RETAIN_SELF = YES;
				CLANG_WARN_OBJC_LITERAL_CONVERSION = YES;
				CLANG_WARN_OBJC_ROOT_CLASS = YES_ERROR;
				CLANG_WARN_QUOTED_INCLUDE_IN_FRAMEWORK_HEADER = YES;
				CLANG_WARN_RANGE_LOOP_ANALYSIS = YES;
				CLANG_WARN_STRICT_PROTOTYPES = YES;
				CLANG_WARN_SUSPICIOUS_MOVE = YES;
				CLANG_WARN_UNGUARDED_AVAILABILITY = YES_AGGRESSIVE;
				CLANG_WARN_UNREACHABLE_CODE = YES;
				CLANG_WARN__DUPLICATE_METHOD_MATCH = YES;
				COPY_PHASE_STRIP = NO;
				DEBUG_INFORMATION_FORMAT = dwarf;
				ENABLE_STRICT_OBJC_MSGSEND = YES;
				ENABLE_TESTABILITY = YES;
				GCC_C_LANGUAGE_STANDARD = gnu11;
				GCC_DYNAMIC_NO_PIC = NO;
				GCC_NO_COMMON_BLOCKS = YES;
				GCC_OPTIMIZATION_LEVEL = 0;
				GCC_PREPROCESSOR_DEFINITIONS = (
					"DEBUG=1",
					"$(inherited)",
				);
				GCC_WARN_64_TO_32_BIT_CONVERSION = YES;
				GCC_WARN_ABOUT_RETURN_TYPE = YES_ERROR;
				GCC_WARN_UNDECLARED_SELECTOR = YES;
				GCC_WARN_UNINITIALIZED_AUTOS = YES_AGGRESSIVE;
				GCC_WARN_UNUSED_FUNCTION = YES;
				GCC_WARN_UNUSED_VARIABLE = YES;
				IPHONEOS_DEPLOYMENT_TARGET = 15.0;
				MTL_ENABLE_DEBUG_INFO = INCLUDE_SOURCE;
				MTL_FAST_MATH = YES;
				ONLY_ACTIVE_ARCH = YES;
				SDKROOT = iphoneos;
				SWIFT_ACTIVE_COMPILATION_CONDITIONS = DEBUG;
				SWIFT_OPTIMIZATION_LEVEL = "-Onone";
			};
			name = Debug;
		};
		66452EF12A3C56CE00656C96 /* Release */ = {
			isa = XCBuildConfiguration;
			buildSettings = {
				ALWAYS_SEARCH_USER_PATHS = NO;
				CLANG_ANALYZER_NONNULL = YES;
				CLANG_ANALYZER_NUMBER_OBJECT_CONVERSION = YES_AGGRESSIVE;
				CLANG_CXX_LANGUAGE_STANDARD = "gnu++20";
				CLANG_ENABLE_MODULES = YES;
				CLANG_ENABLE_OBJC_ARC = YES;
				CLANG_ENABLE_OBJC_WEAK = YES;
				CLANG_WARN_BLOCK_CAPTURE_AUTORELEASING = YES;
				CLANG_WARN_BOOL_CONVERSION = YES;
				CLANG_WARN_COMMA = YES;
				CLANG_WARN_CONSTANT_CONVERSION = YES;
				CLANG_WARN_DEPRECATED_OBJC_IMPLEMENTATIONS = YES;
				CLANG_WARN_DIRECT_OBJC_ISA_USAGE = YES_ERROR;
				CLANG_WARN_DOCUMENTATION_COMMENTS = YES;
				CLANG_WARN_EMPTY_BODY = YES;
				CLANG_WARN_ENUM_CONVERSION = YES;
				CLANG_WARN_INFINITE_RECURSION = YES;
				CLANG_WARN_INT_CONVERSION = YES;
				CLANG_WARN_NON_LITERAL_NULL_CONVERSION = YES;
				CLANG_WARN_OBJC_IMPLICIT_RETAIN_SELF = YES;
				CLANG_WARN_OBJC_LITERAL_CONVERSION = YES;
				CLANG_WARN_OBJC_ROOT_CLASS = YES_ERROR;
				CLANG_WARN_QUOTED_INCLUDE_IN_FRAMEWORK_HEADER = YES;
				CLANG_WARN_RANGE_LOOP_ANALYSIS = YES;
				CLANG_WARN_STRICT_PROTOTYPES = YES;
				CLANG_WARN_SUSPICIOUS_MOVE = YES;
				CLANG_WARN_UNGUARDED_AVAILABILITY = YES_AGGRESSIVE;
				CLANG_WARN_UNREACHABLE_CODE = YES;
				CLANG_WARN__DUPLICATE_METHOD_MATCH = YES;
				COPY_PHASE_STRIP = NO;
				DEBUG_INFORMATION_FORMAT = "dwarf-with-dsym";
				ENABLE_NS_ASSERTIONS = NO;
				ENABLE_STRICT_OBJC_MSGSEND = YES;
				GCC_C_LANGUAGE_STANDARD = gnu11;
				GCC_NO_COMMON_BLOCKS = YES;
				GCC_WARN_64_TO_32_BIT_CONVERSION = YES;
				GCC_WARN_ABOUT_RETURN_TYPE = YES_ERROR;
				GCC_WARN_UNDECLARED_SELECTOR = YES;
				GCC_WARN_UNINITIALIZED_AUTOS = YES_AGGRESSIVE;
				GCC_WARN_UNUSED_FUNCTION = YES;
				GCC_WARN_UNUSED_VARIABLE = YES;
				IPHONEOS_DEPLOYMENT_TARGET = 15.0;
				MTL_ENABLE_DEBUG_INFO = NO;
				MTL_FAST_MATH = YES;
				SDKROOT = iphoneos;
				SWIFT_COMPILATION_MODE = wholemodule;
				SWIFT_OPTIMIZATION_LEVEL = "-O";
				VALIDATE_PRODUCT = YES;
			};
			name = Release;
		};
		66452EF32A3C56CE00656C96 /* Debug */ = {
			isa = XCBuildConfiguration;
			baseConfigurationReference = 81BFC894AD4B8D1D2093A3A9 /* Pods-TwitterCloneProject.debug.xcconfig */;
			buildSettings = {
				ASSETCATALOG_COMPILER_APPICON_NAME = AppIcon;
				ASSETCATALOG_COMPILER_GLOBAL_ACCENT_COLOR_NAME = AccentColor;
				CODE_SIGN_STYLE = Automatic;
				CURRENT_PROJECT_VERSION = 1;
				DEVELOPMENT_TEAM = RF42434X35;
				GENERATE_INFOPLIST_FILE = YES;
				INFOPLIST_FILE = TwitterCloneProject/Info.plist;
				INFOPLIST_KEY_UIApplicationSupportsIndirectInputEvents = YES;
				INFOPLIST_KEY_UILaunchStoryboardName = LaunchScreen;
				INFOPLIST_KEY_UIMainStoryboardFile = Main;
				INFOPLIST_KEY_UISupportedInterfaceOrientations_iPad = "UIInterfaceOrientationPortrait UIInterfaceOrientationPortraitUpsideDown UIInterfaceOrientationLandscapeLeft UIInterfaceOrientationLandscapeRight";
				INFOPLIST_KEY_UISupportedInterfaceOrientations_iPhone = "UIInterfaceOrientationPortrait UIInterfaceOrientationLandscapeLeft UIInterfaceOrientationLandscapeRight";
				IPHONEOS_DEPLOYMENT_TARGET = 15.0;
				LD_RUNPATH_SEARCH_PATHS = (
					"$(inherited)",
					"@executable_path/Frameworks",
				);
				MARKETING_VERSION = 1.0;
				PRODUCT_BUNDLE_IDENTIFIER = com.Taeyoung.TwitterCloneProject;
				PRODUCT_NAME = "$(TARGET_NAME)";
				SWIFT_EMIT_LOC_STRINGS = YES;
				SWIFT_VERSION = 5.0;
				TARGETED_DEVICE_FAMILY = "1,2";
			};
			name = Debug;
		};
		66452EF42A3C56CE00656C96 /* Release */ = {
			isa = XCBuildConfiguration;
			baseConfigurationReference = C275DF61D10654504A07976B /* Pods-TwitterCloneProject.release.xcconfig */;
			buildSettings = {
				ASSETCATALOG_COMPILER_APPICON_NAME = AppIcon;
				ASSETCATALOG_COMPILER_GLOBAL_ACCENT_COLOR_NAME = AccentColor;
				CODE_SIGN_STYLE = Automatic;
				CURRENT_PROJECT_VERSION = 1;
				DEVELOPMENT_TEAM = RF42434X35;
				GENERATE_INFOPLIST_FILE = YES;
				INFOPLIST_FILE = TwitterCloneProject/Info.plist;
				INFOPLIST_KEY_UIApplicationSupportsIndirectInputEvents = YES;
				INFOPLIST_KEY_UILaunchStoryboardName = LaunchScreen;
				INFOPLIST_KEY_UIMainStoryboardFile = Main;
				INFOPLIST_KEY_UISupportedInterfaceOrientations_iPad = "UIInterfaceOrientationPortrait UIInterfaceOrientationPortraitUpsideDown UIInterfaceOrientationLandscapeLeft UIInterfaceOrientationLandscapeRight";
				INFOPLIST_KEY_UISupportedInterfaceOrientations_iPhone = "UIInterfaceOrientationPortrait UIInterfaceOrientationLandscapeLeft UIInterfaceOrientationLandscapeRight";
				IPHONEOS_DEPLOYMENT_TARGET = 15.0;
				LD_RUNPATH_SEARCH_PATHS = (
					"$(inherited)",
					"@executable_path/Frameworks",
				);
				MARKETING_VERSION = 1.0;
				PRODUCT_BUNDLE_IDENTIFIER = com.Taeyoung.TwitterCloneProject;
				PRODUCT_NAME = "$(TARGET_NAME)";
				SWIFT_EMIT_LOC_STRINGS = YES;
				SWIFT_VERSION = 5.0;
				TARGETED_DEVICE_FAMILY = "1,2";
			};
			name = Release;
		};
/* End XCBuildConfiguration section */

/* Begin XCConfigurationList section */
		66452ED92A3C56CD00656C96 /* Build configuration list for PBXProject "TwitterCloneProject" */ = {
			isa = XCConfigurationList;
			buildConfigurations = (
				66452EF02A3C56CE00656C96 /* Debug */,
				66452EF12A3C56CE00656C96 /* Release */,
			);
			defaultConfigurationIsVisible = 0;
			defaultConfigurationName = Release;
		};
		66452EF22A3C56CE00656C96 /* Build configuration list for PBXNativeTarget "TwitterCloneProject" */ = {
			isa = XCConfigurationList;
			buildConfigurations = (
				66452EF32A3C56CE00656C96 /* Debug */,
				66452EF42A3C56CE00656C96 /* Release */,
			);
			defaultConfigurationIsVisible = 0;
			defaultConfigurationName = Release;
		};
/* End XCConfigurationList section */
	};
	rootObject = 66452ED62A3C56CD00656C96 /* Project object */;
}
